
Microsoft Visual Studio Solution File, Format Version 12.00
# Visual Studio 15
VisualStudioVersion = 15.0.27004.2009
MinimumVisualStudioVersion = 10.0.40219.1
Project("{FAE04EC0-301F-11D3-BF4B-00C04F79EFBC}") = "MovingZerosToTheEnd", "Kata\MovingZerosToTheEnd.csproj", "{1DD2C0EC-E102-4D9D-8E68-26084B4E4AED}"
EndProject
Project("{FAE04EC0-301F-11D3-BF4B-00C04F79EFBC}") = "ConvertStringToCamelCase", "ConvertStringToCamelCase\ConvertStringToCamelCase.csproj", "{4AA9F54A-8BCB-489C-98CF-762DAD533039}"
EndProject
Project("{FAE04EC0-301F-11D3-BF4B-00C04F79EFBC}") = "RgbToHexConversion", "RgbToHexConversion\RgbToHexConversion.csproj", "{3A437C54-3282-41B3-8B22-394A81593B8F}"
EndProject
Project("{FAE04EC0-301F-11D3-BF4B-00C04F79EFBC}") = "LetsPlayDarts", "LetsPlayDarts\LetsPlayDarts.csproj", "{7E599970-162B-483C-8EEB-151FD6A447AF}"
EndProject
Project("{FAE04EC0-301F-11D3-BF4B-00C04F79EFBC}") = "LargestSum", "LargestSum\LargestSum.csproj", "{AAED18D9-CC15-484F-81F2-E7066943DCA8}"
EndProject
Project("{FAE04EC0-301F-11D3-BF4B-00C04F79EFBC}") = "AnagramDetection", "AnagramDetection\AnagramDetection.csproj", "{C0FC1657-CFCB-4818-A19D-BCDA69EF8CEA}"
EndProject
Project("{FAE04EC0-301F-11D3-BF4B-00C04F79EFBC}") = "CarParkEscape", "CarParkEscape\CarParkEscape.csproj", "{F18F0163-F5F0-42C0-BF1A-C67A073B9745}"
EndProject
Project("{FAE04EC0-301F-11D3-BF4B-00C04F79EFBC}") = "SortTheOdd", "SortTheOdd\SortTheOdd.csproj", "{C3A24CBD-2501-47BA-9D4F-0549639B5457}"
EndProject
Project("{FAE04EC0-301F-11D3-BF4B-00C04F79EFBC}") = "CountingChangeCombinations", "CountingChangeCombinations\CountingChangeCombinations.csproj", "{AC1B0A1F-6E48-458C-A318-3121066DE10A}"
EndProject
Project("{FAE04EC0-301F-11D3-BF4B-00C04F79EFBC}") = "ArithmeticProgression", "ArithmeticProgression\ArithmeticProgression.csproj", "{C5FAF8CD-BEED-4042-B1F8-F5B5B7C80F5D}"
EndProject
Project("{FAE04EC0-301F-11D3-BF4B-00C04F79EFBC}") = "ReverseWords", "ReverseWords\ReverseWords.csproj", "{27847C41-2CE9-460F-91FA-2FE4CB9D8444}"
EndProject
Project("{FAE04EC0-301F-11D3-BF4B-00C04F79EFBC}") = "HighestRank", "HighestRank\HighestRank.csproj", "{7C83D069-4B89-4489-BDA7-2EC63C9CF691}"
EndProject
Global
	GlobalSection(SolutionConfigurationPlatforms) = preSolution
		Debug|Any CPU = Debug|Any CPU
		Release|Any CPU = Release|Any CPU
	EndGlobalSection
	GlobalSection(ProjectConfigurationPlatforms) = postSolution
		{1DD2C0EC-E102-4D9D-8E68-26084B4E4AED}.Debug|Any CPU.ActiveCfg = Debug|Any CPU
		{1DD2C0EC-E102-4D9D-8E68-26084B4E4AED}.Debug|Any CPU.Build.0 = Debug|Any CPU
		{1DD2C0EC-E102-4D9D-8E68-26084B4E4AED}.Release|Any CPU.ActiveCfg = Release|Any CPU
		{1DD2C0EC-E102-4D9D-8E68-26084B4E4AED}.Release|Any CPU.Build.0 = Release|Any CPU
		{4AA9F54A-8BCB-489C-98CF-762DAD533039}.Debug|Any CPU.ActiveCfg = Debug|Any CPU
		{4AA9F54A-8BCB-489C-98CF-762DAD533039}.Debug|Any CPU.Build.0 = Debug|Any CPU
		{4AA9F54A-8BCB-489C-98CF-762DAD533039}.Release|Any CPU.ActiveCfg = Release|Any CPU
		{4AA9F54A-8BCB-489C-98CF-762DAD533039}.Release|Any CPU.Build.0 = Release|Any CPU
		{3A437C54-3282-41B3-8B22-394A81593B8F}.Debug|Any CPU.ActiveCfg = Debug|Any CPU
		{3A437C54-3282-41B3-8B22-394A81593B8F}.Debug|Any CPU.Build.0 = Debug|Any CPU
		{3A437C54-3282-41B3-8B22-394A81593B8F}.Release|Any CPU.ActiveCfg = Release|Any CPU
		{3A437C54-3282-41B3-8B22-394A81593B8F}.Release|Any CPU.Build.0 = Release|Any CPU
		{7E599970-162B-483C-8EEB-151FD6A447AF}.Debug|Any CPU.ActiveCfg = Debug|Any CPU
		{7E599970-162B-483C-8EEB-151FD6A447AF}.Debug|Any CPU.Build.0 = Debug|Any CPU
		{7E599970-162B-483C-8EEB-151FD6A447AF}.Release|Any CPU.ActiveCfg = Release|Any CPU
		{7E599970-162B-483C-8EEB-151FD6A447AF}.Release|Any CPU.Build.0 = Release|Any CPU
		{AAED18D9-CC15-484F-81F2-E7066943DCA8}.Debug|Any CPU.ActiveCfg = Debug|Any CPU
		{AAED18D9-CC15-484F-81F2-E7066943DCA8}.Debug|Any CPU.Build.0 = Debug|Any CPU
		{AAED18D9-CC15-484F-81F2-E7066943DCA8}.Release|Any CPU.ActiveCfg = Release|Any CPU
		{AAED18D9-CC15-484F-81F2-E7066943DCA8}.Release|Any CPU.Build.0 = Release|Any CPU
		{C0FC1657-CFCB-4818-A19D-BCDA69EF8CEA}.Debug|Any CPU.ActiveCfg = Debug|Any CPU
		{C0FC1657-CFCB-4818-A19D-BCDA69EF8CEA}.Debug|Any CPU.Build.0 = Debug|Any CPU
		{C0FC1657-CFCB-4818-A19D-BCDA69EF8CEA}.Release|Any CPU.ActiveCfg = Release|Any CPU
		{C0FC1657-CFCB-4818-A19D-BCDA69EF8CEA}.Release|Any CPU.Build.0 = Release|Any CPU
		{F18F0163-F5F0-42C0-BF1A-C67A073B9745}.Debug|Any CPU.ActiveCfg = Debug|Any CPU
		{F18F0163-F5F0-42C0-BF1A-C67A073B9745}.Debug|Any CPU.Build.0 = Debug|Any CPU
		{F18F0163-F5F0-42C0-BF1A-C67A073B9745}.Release|Any CPU.ActiveCfg = Release|Any CPU
		{F18F0163-F5F0-42C0-BF1A-C67A073B9745}.Release|Any CPU.Build.0 = Release|Any CPU
		{C3A24CBD-2501-47BA-9D4F-0549639B5457}.Debug|Any CPU.ActiveCfg = Debug|Any CPU
		{C3A24CBD-2501-47BA-9D4F-0549639B5457}.Debug|Any CPU.Build.0 = Debug|Any CPU
		{C3A24CBD-2501-47BA-9D4F-0549639B5457}.Release|Any CPU.ActiveCfg = Release|Any CPU
		{C3A24CBD-2501-47BA-9D4F-0549639B5457}.Release|Any CPU.Build.0 = Release|Any CPU
		{AC1B0A1F-6E48-458C-A318-3121066DE10A}.Debug|Any CPU.ActiveCfg = Debug|Any CPU
		{AC1B0A1F-6E48-458C-A318-3121066DE10A}.Debug|Any CPU.Build.0 = Debug|Any CPU
		{AC1B0A1F-6E48-458C-A318-3121066DE10A}.Release|Any CPU.ActiveCfg = Release|Any CPU
		{AC1B0A1F-6E48-458C-A318-3121066DE10A}.Release|Any CPU.Build.0 = Release|Any CPU
		{C5FAF8CD-BEED-4042-B1F8-F5B5B7C80F5D}.Debug|Any CPU.ActiveCfg = Debug|Any CPU
		{C5FAF8CD-BEED-4042-B1F8-F5B5B7C80F5D}.Debug|Any CPU.Build.0 = Debug|Any CPU
		{C5FAF8CD-BEED-4042-B1F8-F5B5B7C80F5D}.Release|Any CPU.ActiveCfg = Release|Any CPU
		{C5FAF8CD-BEED-4042-B1F8-F5B5B7C80F5D}.Release|Any CPU.Build.0 = Release|Any CPU
		{27847C41-2CE9-460F-91FA-2FE4CB9D8444}.Debug|Any CPU.ActiveCfg = Debug|Any CPU
		{27847C41-2CE9-460F-91FA-2FE4CB9D8444}.Debug|Any CPU.Build.0 = Debug|Any CPU
		{27847C41-2CE9-460F-91FA-2FE4CB9D8444}.Release|Any CPU.ActiveCfg = Release|Any CPU
		{27847C41-2CE9-460F-91FA-2FE4CB9D8444}.Release|Any CPU.Build.0 = Release|Any CPU
		{7C83D069-4B89-4489-BDA7-2EC63C9CF691}.Debug|Any CPU.ActiveCfg = Debug|Any CPU
		{7C83D069-4B89-4489-BDA7-2EC63C9CF691}.Debug|Any CPU.Build.0 = Debug|Any CPU
		{7C83D069-4B89-4489-BDA7-2EC63C9CF691}.Release|Any CPU.ActiveCfg = Release|Any CPU
		{7C83D069-4B89-4489-BDA7-2EC63C9CF691}.Release|Any CPU.Build.0 = Release|Any CPU
	EndGlobalSection
	GlobalSection(SolutionProperties) = preSolution
		HideSolutionNode = FALSE
	EndGlobalSection
	GlobalSection(ExtensibilityGlobals) = postSolution
		SolutionGuid = {58375129-CA6F-45FA-B147-E080A74591D4}
	EndGlobalSection
EndGlobal
